
Microsoft Visual Studio Solution File, Format Version 12.00
# Visual Studio 14
VisualStudioVersion = 14.0.25123.0
MinimumVisualStudioVersion = 10.0.40219.1
Project("{FAE04EC0-301F-11D3-BF4B-00C04F79EFBC}") = "MeetingRoomReservation.Web", "MeetingRoomReservation.Web\MeetingRoomReservation.Web.csproj", "{7A3D59E0-F752-4DE7-806A-9D18DBD900AD}"
EndProject
Project("{FAE04EC0-301F-11D3-BF4B-00C04F79EFBC}") = "MeetingRoomReservation.Web.Tests", "MeetingRoomReservation.Web.Tests\MeetingRoomReservation.Web.Tests.csproj", "{DA00B253-8A49-4579-A56E-84F9991032D1}"
EndProject
Global
	GlobalSection(SolutionConfigurationPlatforms) = preSolution
		Debug|Any CPU = Debug|Any CPU
		Release|Any CPU = Release|Any CPU
	EndGlobalSection
	GlobalSection(ProjectConfigurationPlatforms) = postSolution
		{7A3D59E0-F752-4DE7-806A-9D18DBD900AD}.Debug|Any CPU.ActiveCfg = Debug|Any CPU
		{7A3D59E0-F752-4DE7-806A-9D18DBD900AD}.Debug|Any CPU.Build.0 = Debug|Any CPU
		{7A3D59E0-F752-4DE7-806A-9D18DBD900AD}.Release|Any CPU.ActiveCfg = Release|Any CPU
		{7A3D59E0-F752-4DE7-806A-9D18DBD900AD}.Release|Any CPU.Build.0 = Release|Any CPU
		{DA00B253-8A49-4579-A56E-84F9991032D1}.Debug|Any CPU.ActiveCfg = Debug|Any CPU
		{DA00B253-8A49-4579-A56E-84F9991032D1}.Debug|Any CPU.Build.0 = Debug|Any CPU
		{DA00B253-8A49-4579-A56E-84F9991032D1}.Release|Any CPU.ActiveCfg = Release|Any CPU
		{DA00B253-8A49-4579-A56E-84F9991032D1}.Release|Any CPU.Build.0 = Release|Any CPU
	EndGlobalSection
	GlobalSection(SolutionProperties) = preSolution
		HideSolutionNode = FALSE
	EndGlobalSection
EndGlobal
